// !$*UTF8*$!
{
	archiveVersion = 1;
	classes = {
	};
	objectVersion = 55;
	objects = {

/* Begin PBXBuildFile section */
		C579612E287B7A8F00F55985 /* CodingChallengeApp.swift in Sources */ = {isa = PBXBuildFile; fileRef = C579612D287B7A8F00F55985 /* CodingChallengeApp.swift */; };
		C5796130287B7A8F00F55985 /* ContentView.swift in Sources */ = {isa = PBXBuildFile; fileRef = C579612F287B7A8F00F55985 /* ContentView.swift */; };
		C5796132287B7A9000F55985 /* Assets.xcassets in Resources */ = {isa = PBXBuildFile; fileRef = C5796131287B7A9000F55985 /* Assets.xcassets */; };
		C5796135287B7A9000F55985 /* Preview Assets.xcassets in Resources */ = {isa = PBXBuildFile; fileRef = C5796134287B7A9000F55985 /* Preview Assets.xcassets */; };
		C579613F287B7A9000F55985 /* CodingChallengeTests.swift in Sources */ = {isa = PBXBuildFile; fileRef = C579613E287B7A9000F55985 /* CodingChallengeTests.swift */; };
		C5796149287B7A9000F55985 /* CodingChallengeUITests.swift in Sources */ = {isa = PBXBuildFile; fileRef = C5796148287B7A9000F55985 /* CodingChallengeUITests.swift */; };
		C579614B287B7A9000F55985 /* CodingChallengeUITestsLaunchTests.swift in Sources */ = {isa = PBXBuildFile; fileRef = C579614A287B7A9000F55985 /* CodingChallengeUITestsLaunchTests.swift */; };
		C5796158287B7B2F00F55985 /* PlaceListViewModel.swift in Sources */ = {isa = PBXBuildFile; fileRef = C5796157287B7B2F00F55985 /* PlaceListViewModel.swift */; };
		C579615A287B7B5F00F55985 /* PlaceListView.swift in Sources */ = {isa = PBXBuildFile; fileRef = C5796159287B7B5F00F55985 /* PlaceListView.swift */; };
		C579615C287B7BB600F55985 /* Place.swift in Sources */ = {isa = PBXBuildFile; fileRef = C579615B287B7BB600F55985 /* Place.swift */; };
		C579615E287B7BEA00F55985 /* Helpers + Alerts.swift in Sources */ = {isa = PBXBuildFile; fileRef = C579615D287B7BEA00F55985 /* Helpers + Alerts.swift */; };
		C5796160287B7C1B00F55985 /* MyLocationManager.swift in Sources */ = {isa = PBXBuildFile; fileRef = C579615F287B7C1B00F55985 /* MyLocationManager.swift */; };
		C5796162287B7C6600F55985 /* FeedPlaceMapper.swift in Sources */ = {isa = PBXBuildFile; fileRef = C5796161287B7C6600F55985 /* FeedPlaceMapper.swift */; };
		C5796164287B7DD500F55985 /* Helpers + Errors.swift in Sources */ = {isa = PBXBuildFile; fileRef = C5796163287B7DD500F55985 /* Helpers + Errors.swift */; };
		C57E7630287CC52000B654D6 /* foursquareV3Search.json in Resources */ = {isa = PBXBuildFile; fileRef = C57E762F287CC52000B654D6 /* foursquareV3Search.json */; };
/* End PBXBuildFile section */

/* Begin PBXContainerItemProxy section */
		C579613B287B7A9000F55985 /* PBXContainerItemProxy */ = {
			isa = PBXContainerItemProxy;
			containerPortal = C5796122287B7A8F00F55985 /* Project object */;
			proxyType = 1;
			remoteGlobalIDString = C5796129287B7A8F00F55985;
			remoteInfo = CodingChallenge;
		};
		C5796145287B7A9000F55985 /* PBXContainerItemProxy */ = {
			isa = PBXContainerItemProxy;
			containerPortal = C5796122287B7A8F00F55985 /* Project object */;
			proxyType = 1;
			remoteGlobalIDString = C5796129287B7A8F00F55985;
			remoteInfo = CodingChallenge;
		};
/* End PBXContainerItemProxy section */

/* Begin PBXFileReference section */
		C579612A287B7A8F00F55985 /* CodingChallenge.app */ = {isa = PBXFileReference; explicitFileType = wrapper.application; includeInIndex = 0; path = CodingChallenge.app; sourceTree = BUILT_PRODUCTS_DIR; };
		C579612D287B7A8F00F55985 /* CodingChallengeApp.swift */ = {isa = PBXFileReference; lastKnownFileType = sourcecode.swift; path = CodingChallengeApp.swift; sourceTree = "<group>"; };
		C579612F287B7A8F00F55985 /* ContentView.swift */ = {isa = PBXFileReference; lastKnownFileType = sourcecode.swift; path = ContentView.swift; sourceTree = "<group>"; };
		C5796131287B7A9000F55985 /* Assets.xcassets */ = {isa = PBXFileReference; lastKnownFileType = folder.assetcatalog; path = Assets.xcassets; sourceTree = "<group>"; };
		C5796134287B7A9000F55985 /* Preview Assets.xcassets */ = {isa = PBXFileReference; lastKnownFileType = folder.assetcatalog; path = "Preview Assets.xcassets"; sourceTree = "<group>"; };
		C579613A287B7A9000F55985 /* CodingChallengeTests.xctest */ = {isa = PBXFileReference; explicitFileType = wrapper.cfbundle; includeInIndex = 0; path = CodingChallengeTests.xctest; sourceTree = BUILT_PRODUCTS_DIR; };
		C579613E287B7A9000F55985 /* CodingChallengeTests.swift */ = {isa = PBXFileReference; lastKnownFileType = sourcecode.swift; path = CodingChallengeTests.swift; sourceTree = "<group>"; };
		C5796144287B7A9000F55985 /* CodingChallengeUITests.xctest */ = {isa = PBXFileReference; explicitFileType = wrapper.cfbundle; includeInIndex = 0; path = CodingChallengeUITests.xctest; sourceTree = BUILT_PRODUCTS_DIR; };
		C5796148287B7A9000F55985 /* CodingChallengeUITests.swift */ = {isa = PBXFileReference; lastKnownFileType = sourcecode.swift; path = CodingChallengeUITests.swift; sourceTree = "<group>"; };
		C579614A287B7A9000F55985 /* CodingChallengeUITestsLaunchTests.swift */ = {isa = PBXFileReference; lastKnownFileType = sourcecode.swift; path = CodingChallengeUITestsLaunchTests.swift; sourceTree = "<group>"; };
		C5796157287B7B2F00F55985 /* PlaceListViewModel.swift */ = {isa = PBXFileReference; lastKnownFileType = sourcecode.swift; path = PlaceListViewModel.swift; sourceTree = "<group>"; };
		C5796159287B7B5F00F55985 /* PlaceListView.swift */ = {isa = PBXFileReference; lastKnownFileType = sourcecode.swift; path = PlaceListView.swift; sourceTree = "<group>"; };
		C579615B287B7BB600F55985 /* Place.swift */ = {isa = PBXFileReference; lastKnownFileType = sourcecode.swift; path = Place.swift; sourceTree = "<group>"; };
		C579615D287B7BEA00F55985 /* Helpers + Alerts.swift */ = {isa = PBXFileReference; lastKnownFileType = sourcecode.swift; path = "Helpers + Alerts.swift"; sourceTree = "<group>"; };
		C579615F287B7C1B00F55985 /* MyLocationManager.swift */ = {isa = PBXFileReference; lastKnownFileType = sourcecode.swift; path = MyLocationManager.swift; sourceTree = "<group>"; };
		C5796161287B7C6600F55985 /* FeedPlaceMapper.swift */ = {isa = PBXFileReference; lastKnownFileType = sourcecode.swift; path = FeedPlaceMapper.swift; sourceTree = "<group>"; };
		C5796163287B7DD500F55985 /* Helpers + Errors.swift */ = {isa = PBXFileReference; lastKnownFileType = sourcecode.swift; path = "Helpers + Errors.swift"; sourceTree = "<group>"; };
		C57E762D287CBEAC00B654D6 /* Info.plist */ = {isa = PBXFileReference; lastKnownFileType = text.plist.xml; path = Info.plist; sourceTree = "<group>"; };
		C57E762F287CC52000B654D6 /* foursquareV3Search.json */ = {isa = PBXFileReference; fileEncoding = 4; lastKnownFileType = text.json; path = foursquareV3Search.json; sourceTree = "<group>"; };
		C57E7632287CC98600B654D6 /* README.md */ = {isa = PBXFileReference; lastKnownFileType = net.daringfireball.markdown; path = README.md; sourceTree = "<group>"; };
		C57E7633287D4BEC00B654D6 /* Place Feed Feature.md */ = {isa = PBXFileReference; lastKnownFileType = net.daringfireball.markdown; path = "Place Feed Feature.md"; sourceTree = "<group>"; };
/* End PBXFileReference section */

/* Begin PBXFrameworksBuildPhase section */
		C5796127287B7A8F00F55985 /* Frameworks */ = {
			isa = PBXFrameworksBuildPhase;
			buildActionMask = 2147483647;
			files = (
			);
			runOnlyForDeploymentPostprocessing = 0;
		};
		C5796137287B7A9000F55985 /* Frameworks */ = {
			isa = PBXFrameworksBuildPhase;
			buildActionMask = 2147483647;
			files = (
			);
			runOnlyForDeploymentPostprocessing = 0;
		};
		C5796141287B7A9000F55985 /* Frameworks */ = {
			isa = PBXFrameworksBuildPhase;
			buildActionMask = 2147483647;
			files = (
			);
			runOnlyForDeploymentPostprocessing = 0;
		};
/* End PBXFrameworksBuildPhase section */

/* Begin PBXGroup section */
		C565C139287C9C090053660B /* Feed API */ = {
			isa = PBXGroup;
			children = (
				C5796161287B7C6600F55985 /* FeedPlaceMapper.swift */,
				C5796163287B7DD500F55985 /* Helpers + Errors.swift */,
			);
			path = "Feed API";
			sourceTree = "<group>";
		};
		C565C13A287C9C240053660B /* Source */ = {
			isa = PBXGroup;
			children = (
				C579612D287B7A8F00F55985 /* CodingChallengeApp.swift */,
				C579612F287B7A8F00F55985 /* ContentView.swift */,
			);
			path = Source;
			sourceTree = "<group>";
		};
		C565C13B287C9C720053660B /* Feed iOS App */ = {
			isa = PBXGroup;
			children = (
				C565C13A287C9C240053660B /* Source */,
				C565C13E287C9E9A0053660B /* Places */,
				C565C13F287C9F6C0053660B /* Supporting Files */,
			);
			path = "Feed iOS App";
			sourceTree = "<group>";
		};
		C565C13C287C9CFF0053660B /* Managers */ = {
			isa = PBXGroup;
			children = (
				C579615F287B7C1B00F55985 /* MyLocationManager.swift */,
			);
			path = Managers;
			sourceTree = "<group>";
		};
		C565C13D287C9DBB0053660B /* Feed Feature */ = {
			isa = PBXGroup;
			children = (
				C579615B287B7BB600F55985 /* Place.swift */,
			);
			path = "Feed Feature";
			sourceTree = "<group>";
		};
		C565C13E287C9E9A0053660B /* Places */ = {
			isa = PBXGroup;
			children = (
				C57E762E287CC11800B654D6 /* View */,
				C5796157287B7B2F00F55985 /* PlaceListViewModel.swift */,
			);
			path = Places;
			sourceTree = "<group>";
		};
		C565C13F287C9F6C0053660B /* Supporting Files */ = {
			isa = PBXGroup;
			children = (
				C579615D287B7BEA00F55985 /* Helpers + Alerts.swift */,
				C5796133287B7A9000F55985 /* Preview Content */,
				C5796131287B7A9000F55985 /* Assets.xcassets */,
			);
			path = "Supporting Files";
			sourceTree = "<group>";
		};
		C5796121287B7A8F00F55985 = {
			isa = PBXGroup;
			children = (
				C57E7632287CC98600B654D6 /* README.md */,
				C57E7633287D4BEC00B654D6 /* Place Feed Feature.md */,
				C579612C287B7A8F00F55985 /* CodingChallenge */,
				C579613D287B7A9000F55985 /* CodingChallengeTests */,
				C5796147287B7A9000F55985 /* CodingChallengeUITests */,
				C579612B287B7A8F00F55985 /* Products */,
			);
			sourceTree = "<group>";
		};
		C579612B287B7A8F00F55985 /* Products */ = {
			isa = PBXGroup;
			children = (
				C579612A287B7A8F00F55985 /* CodingChallenge.app */,
				C579613A287B7A9000F55985 /* CodingChallengeTests.xctest */,
				C5796144287B7A9000F55985 /* CodingChallengeUITests.xctest */,
			);
			name = Products;
			sourceTree = "<group>";
		};
		C579612C287B7A8F00F55985 /* CodingChallenge */ = {
			isa = PBXGroup;
			children = (
				C57E762D287CBEAC00B654D6 /* Info.plist */,
				C565C13D287C9DBB0053660B /* Feed Feature */,
				C565C139287C9C090053660B /* Feed API */,
				C565C13C287C9CFF0053660B /* Managers */,
				C565C13B287C9C720053660B /* Feed iOS App */,
			);
			path = CodingChallenge;
			sourceTree = "<group>";
		};
		C5796133287B7A9000F55985 /* Preview Content */ = {
			isa = PBXGroup;
			children = (
				C5796134287B7A9000F55985 /* Preview Assets.xcassets */,
			);
			path = "Preview Content";
			sourceTree = "<group>";
		};
		C579613D287B7A9000F55985 /* CodingChallengeTests */ = {
			isa = PBXGroup;
			children = (
				C57E7631287CC5E300B654D6 /* Mocking */,
				C579613E287B7A9000F55985 /* CodingChallengeTests.swift */,
			);
			path = CodingChallengeTests;
			sourceTree = "<group>";
		};
		C5796147287B7A9000F55985 /* CodingChallengeUITests */ = {
			isa = PBXGroup;
			children = (
				C5796148287B7A9000F55985 /* CodingChallengeUITests.swift */,
				C579614A287B7A9000F55985 /* CodingChallengeUITestsLaunchTests.swift */,
			);
			path = CodingChallengeUITests;
			sourceTree = "<group>";
		};
		C57E762E287CC11800B654D6 /* View */ = {
			isa = PBXGroup;
			children = (
				C5796159287B7B5F00F55985 /* PlaceListView.swift */,
			);
			path = View;
			sourceTree = "<group>";
		};
		C57E7631287CC5E300B654D6 /* Mocking */ = {
			isa = PBXGroup;
			children = (
				C57E762F287CC52000B654D6 /* foursquareV3Search.json */,
			);
			path = Mocking;
			sourceTree = "<group>";
		};
/* End PBXGroup section */

/* Begin PBXNativeTarget section */
		C5796129287B7A8F00F55985 /* CodingChallenge */ = {
			isa = PBXNativeTarget;
			buildConfigurationList = C579614E287B7A9000F55985 /* Build configuration list for PBXNativeTarget "CodingChallenge" */;
			buildPhases = (
				C5796126287B7A8F00F55985 /* Sources */,
				C5796127287B7A8F00F55985 /* Frameworks */,
				C5796128287B7A8F00F55985 /* Resources */,
			);
			buildRules = (
			);
			dependencies = (
			);
			name = CodingChallenge;
			productName = CodingChallenge;
			productReference = C579612A287B7A8F00F55985 /* CodingChallenge.app */;
			productType = "com.apple.product-type.application";
		};
		C5796139287B7A9000F55985 /* CodingChallengeTests */ = {
			isa = PBXNativeTarget;
			buildConfigurationList = C5796151287B7A9000F55985 /* Build configuration list for PBXNativeTarget "CodingChallengeTests" */;
			buildPhases = (
				C5796136287B7A9000F55985 /* Sources */,
				C5796137287B7A9000F55985 /* Frameworks */,
				C5796138287B7A9000F55985 /* Resources */,
			);
			buildRules = (
			);
			dependencies = (
				C579613C287B7A9000F55985 /* PBXTargetDependency */,
			);
			name = CodingChallengeTests;
			productName = CodingChallengeTests;
			productReference = C579613A287B7A9000F55985 /* CodingChallengeTests.xctest */;
			productType = "com.apple.product-type.bundle.unit-test";
		};
		C5796143287B7A9000F55985 /* CodingChallengeUITests */ = {
			isa = PBXNativeTarget;
			buildConfigurationList = C5796154287B7A9000F55985 /* Build configuration list for PBXNativeTarget "CodingChallengeUITests" */;
			buildPhases = (
				C5796140287B7A9000F55985 /* Sources */,
				C5796141287B7A9000F55985 /* Frameworks */,
				C5796142287B7A9000F55985 /* Resources */,
			);
			buildRules = (
			);
			dependencies = (
				C5796146287B7A9000F55985 /* PBXTargetDependency */,
			);
			name = CodingChallengeUITests;
			productName = CodingChallengeUITests;
			productReference = C5796144287B7A9000F55985 /* CodingChallengeUITests.xctest */;
			productType = "com.apple.product-type.bundle.ui-testing";
		};
/* End PBXNativeTarget section */

/* Begin PBXProject section */
		C5796122287B7A8F00F55985 /* Project object */ = {
			isa = PBXProject;
			attributes = {
				BuildIndependentTargetsInParallel = 1;
				LastSwiftUpdateCheck = 1340;
				LastUpgradeCheck = 1340;
				TargetAttributes = {
					C5796129287B7A8F00F55985 = {
						CreatedOnToolsVersion = 13.4;
					};
					C5796139287B7A9000F55985 = {
						CreatedOnToolsVersion = 13.4;
						TestTargetID = C5796129287B7A8F00F55985;
					};
					C5796143287B7A9000F55985 = {
						CreatedOnToolsVersion = 13.4;
						TestTargetID = C5796129287B7A8F00F55985;
					};
				};
			};
			buildConfigurationList = C5796125287B7A8F00F55985 /* Build configuration list for PBXProject "CodingChallenge" */;
			compatibilityVersion = "Xcode 13.0";
			developmentRegion = en;
			hasScannedForEncodings = 0;
			knownRegions = (
				en,
				Base,
			);
			mainGroup = C5796121287B7A8F00F55985;
			productRefGroup = C579612B287B7A8F00F55985 /* Products */;
			projectDirPath = "";
			projectRoot = "";
			targets = (
				C5796129287B7A8F00F55985 /* CodingChallenge */,
				C5796139287B7A9000F55985 /* CodingChallengeTests */,
				C5796143287B7A9000F55985 /* CodingChallengeUITests */,
			);
		};
/* End PBXProject section */

/* Begin PBXResourcesBuildPhase section */
		C5796128287B7A8F00F55985 /* Resources */ = {
			isa = PBXResourcesBuildPhase;
			buildActionMask = 2147483647;
			files = (
				C5796135287B7A9000F55985 /* Preview Assets.xcassets in Resources */,
				C5796132287B7A9000F55985 /* Assets.xcassets in Resources */,
			);
			runOnlyForDeploymentPostprocessing = 0;
		};
		C5796138287B7A9000F55985 /* Resources */ = {
			isa = PBXResourcesBuildPhase;
			buildActionMask = 2147483647;
			files = (
				C57E7630287CC52000B654D6 /* foursquareV3Search.json in Resources */,
			);
			runOnlyForDeploymentPostprocessing = 0;
		};
		C5796142287B7A9000F55985 /* Resources */ = {
			isa = PBXResourcesBuildPhase;
			buildActionMask = 2147483647;
			files = (
			);
			runOnlyForDeploymentPostprocessing = 0;
		};
/* End PBXResourcesBuildPhase section */

/* Begin PBXSourcesBuildPhase section */
		C5796126287B7A8F00F55985 /* Sources */ = {
			isa = PBXSourcesBuildPhase;
			buildActionMask = 2147483647;
			files = (
				C5796160287B7C1B00F55985 /* MyLocationManager.swift in Sources */,
				C579615E287B7BEA00F55985 /* Helpers + Alerts.swift in Sources */,
				C5796130287B7A8F00F55985 /* ContentView.swift in Sources */,
				C579612E287B7A8F00F55985 /* CodingChallengeApp.swift in Sources */,
				C579615A287B7B5F00F55985 /* PlaceListView.swift in Sources */,
				C5796158287B7B2F00F55985 /* PlaceListViewModel.swift in Sources */,
				C5796162287B7C6600F55985 /* FeedPlaceMapper.swift in Sources */,
				C5796164287B7DD500F55985 /* Helpers + Errors.swift in Sources */,
				C579615C287B7BB600F55985 /* Place.swift in Sources */,
			);
			runOnlyForDeploymentPostprocessing = 0;
		};
		C5796136287B7A9000F55985 /* Sources */ = {
			isa = PBXSourcesBuildPhase;
			buildActionMask = 2147483647;
			files = (
				C579613F287B7A9000F55985 /* CodingChallengeTests.swift in Sources */,
			);
			runOnlyForDeploymentPostprocessing = 0;
		};
		C5796140287B7A9000F55985 /* Sources */ = {
			isa = PBXSourcesBuildPhase;
			buildActionMask = 2147483647;
			files = (
				C579614B287B7A9000F55985 /* CodingChallengeUITestsLaunchTests.swift in Sources */,
				C5796149287B7A9000F55985 /* CodingChallengeUITests.swift in Sources */,
			);
			runOnlyForDeploymentPostprocessing = 0;
		};
/* End PBXSourcesBuildPhase section */

/* Begin PBXTargetDependency section */
		C579613C287B7A9000F55985 /* PBXTargetDependency */ = {
			isa = PBXTargetDependency;
			target = C5796129287B7A8F00F55985 /* CodingChallenge */;
			targetProxy = C579613B287B7A9000F55985 /* PBXContainerItemProxy */;
		};
		C5796146287B7A9000F55985 /* PBXTargetDependency */ = {
			isa = PBXTargetDependency;
			target = C5796129287B7A8F00F55985 /* CodingChallenge */;
			targetProxy = C5796145287B7A9000F55985 /* PBXContainerItemProxy */;
		};
/* End PBXTargetDependency section */

/* Begin XCBuildConfiguration section */
		C579614C287B7A9000F55985 /* Debug */ = {
			isa = XCBuildConfiguration;
			buildSettings = {
				ALWAYS_SEARCH_USER_PATHS = NO;
				CLANG_ANALYZER_NONNULL = YES;
				CLANG_ANALYZER_NUMBER_OBJECT_CONVERSION = YES_AGGRESSIVE;
				CLANG_CXX_LANGUAGE_STANDARD = "gnu++17";
				CLANG_ENABLE_MODULES = YES;
				CLANG_ENABLE_OBJC_ARC = YES;
				CLANG_ENABLE_OBJC_WEAK = YES;
				CLANG_WARN_BLOCK_CAPTURE_AUTORELEASING = YES;
				CLANG_WARN_BOOL_CONVERSION = YES;
				CLANG_WARN_COMMA = YES;
				CLANG_WARN_CONSTANT_CONVERSION = YES;
				CLANG_WARN_DEPRECATED_OBJC_IMPLEMENTATIONS = YES;
				CLANG_WARN_DIRECT_OBJC_ISA_USAGE = YES_ERROR;
				CLANG_WARN_DOCUMENTATION_COMMENTS = YES;
				CLANG_WARN_EMPTY_BODY = YES;
				CLANG_WARN_ENUM_CONVERSION = YES;
				CLANG_WARN_INFINITE_RECURSION = YES;
				CLANG_WARN_INT_CONVERSION = YES;
				CLANG_WARN_NON_LITERAL_NULL_CONVERSION = YES;
				CLANG_WARN_OBJC_IMPLICIT_RETAIN_SELF = YES;
				CLANG_WARN_OBJC_LITERAL_CONVERSION = YES;
				CLANG_WARN_OBJC_ROOT_CLASS = YES_ERROR;
				CLANG_WARN_QUOTED_INCLUDE_IN_FRAMEWORK_HEADER = YES;
				CLANG_WARN_RANGE_LOOP_ANALYSIS = YES;
				CLANG_WARN_STRICT_PROTOTYPES = YES;
				CLANG_WARN_SUSPICIOUS_MOVE = YES;
				CLANG_WARN_UNGUARDED_AVAILABILITY = YES_AGGRESSIVE;
				CLANG_WARN_UNREACHABLE_CODE = YES;
				CLANG_WARN__DUPLICATE_METHOD_MATCH = YES;
				COPY_PHASE_STRIP = NO;
				DEBUG_INFORMATION_FORMAT = dwarf;
				ENABLE_STRICT_OBJC_MSGSEND = YES;
				ENABLE_TESTABILITY = YES;
				GCC_C_LANGUAGE_STANDARD = gnu11;
				GCC_DYNAMIC_NO_PIC = NO;
				GCC_NO_COMMON_BLOCKS = YES;
				GCC_OPTIMIZATION_LEVEL = 0;
				GCC_PREPROCESSOR_DEFINITIONS = (
					"DEBUG=1",
					"$(inherited)",
				);
				GCC_WARN_64_TO_32_BIT_CONVERSION = YES;
				GCC_WARN_ABOUT_RETURN_TYPE = YES_ERROR;
				GCC_WARN_UNDECLARED_SELECTOR = YES;
				GCC_WARN_UNINITIALIZED_AUTOS = YES_AGGRESSIVE;
				GCC_WARN_UNUSED_FUNCTION = YES;
				GCC_WARN_UNUSED_VARIABLE = YES;
				IPHONEOS_DEPLOYMENT_TARGET = 15.5;
				MTL_ENABLE_DEBUG_INFO = INCLUDE_SOURCE;
				MTL_FAST_MATH = YES;
				ONLY_ACTIVE_ARCH = YES;
				SDKROOT = iphoneos;
				SWIFT_ACTIVE_COMPILATION_CONDITIONS = DEBUG;
				SWIFT_OPTIMIZATION_LEVEL = "-Onone";
			};
			name = Debug;
		};
		C579614D287B7A9000F55985 /* Release */ = {
			isa = XCBuildConfiguration;
			buildSettings = {
				ALWAYS_SEARCH_USER_PATHS = NO;
				CLANG_ANALYZER_NONNULL = YES;
				CLANG_ANALYZER_NUMBER_OBJECT_CONVERSION = YES_AGGRESSIVE;
				CLANG_CXX_LANGUAGE_STANDARD = "gnu++17";
				CLANG_ENABLE_MODULES = YES;
				CLANG_ENABLE_OBJC_ARC = YES;
				CLANG_ENABLE_OBJC_WEAK = YES;
				CLANG_WARN_BLOCK_CAPTURE_AUTORELEASING = YES;
				CLANG_WARN_BOOL_CONVERSION = YES;
				CLANG_WARN_COMMA = YES;
				CLANG_WARN_CONSTANT_CONVERSION = YES;
				CLANG_WARN_DEPRECATED_OBJC_IMPLEMENTATIONS = YES;
				CLANG_WARN_DIRECT_OBJC_ISA_USAGE = YES_ERROR;
				CLANG_WARN_DOCUMENTATION_COMMENTS = YES;
				CLANG_WARN_EMPTY_BODY = YES;
				CLANG_WARN_ENUM_CONVERSION = YES;
				CLANG_WARN_INFINITE_RECURSION = YES;
				CLANG_WARN_INT_CONVERSION = YES;
				CLANG_WARN_NON_LITERAL_NULL_CONVERSION = YES;
				CLANG_WARN_OBJC_IMPLICIT_RETAIN_SELF = YES;
				CLANG_WARN_OBJC_LITERAL_CONVERSION = YES;
				CLANG_WARN_OBJC_ROOT_CLASS = YES_ERROR;
				CLANG_WARN_QUOTED_INCLUDE_IN_FRAMEWORK_HEADER = YES;
				CLANG_WARN_RANGE_LOOP_ANALYSIS = YES;
				CLANG_WARN_STRICT_PROTOTYPES = YES;
				CLANG_WARN_SUSPICIOUS_MOVE = YES;
				CLANG_WARN_UNGUARDED_AVAILABILITY = YES_AGGRESSIVE;
				CLANG_WARN_UNREACHABLE_CODE = YES;
				CLANG_WARN__DUPLICATE_METHOD_MATCH = YES;
				COPY_PHASE_STRIP = NO;
				DEBUG_INFORMATION_FORMAT = "dwarf-with-dsym";
				ENABLE_NS_ASSERTIONS = NO;
				ENABLE_STRICT_OBJC_MSGSEND = YES;
				GCC_C_LANGUAGE_STANDARD = gnu11;
				GCC_NO_COMMON_BLOCKS = YES;
				GCC_WARN_64_TO_32_BIT_CONVERSION = YES;
				GCC_WARN_ABOUT_RETURN_TYPE = YES_ERROR;
				GCC_WARN_UNDECLARED_SELECTOR = YES;
				GCC_WARN_UNINITIALIZED_AUTOS = YES_AGGRESSIVE;
				GCC_WARN_UNUSED_FUNCTION = YES;
				GCC_WARN_UNUSED_VARIABLE = YES;
				IPHONEOS_DEPLOYMENT_TARGET = 15.5;
				MTL_ENABLE_DEBUG_INFO = NO;
				MTL_FAST_MATH = YES;
				SDKROOT = iphoneos;
				SWIFT_COMPILATION_MODE = wholemodule;
				SWIFT_OPTIMIZATION_LEVEL = "-O";
				VALIDATE_PRODUCT = YES;
			};
			name = Release;
		};
		C579614F287B7A9000F55985 /* Debug */ = {
			isa = XCBuildConfiguration;
			buildSettings = {
				ASSETCATALOG_COMPILER_APPICON_NAME = AppIcon;
				ASSETCATALOG_COMPILER_GLOBAL_ACCENT_COLOR_NAME = AccentColor;
				CODE_SIGN_IDENTITY = "Apple Development";
				CODE_SIGN_STYLE = Automatic;
				CURRENT_PROJECT_VERSION = 1;
				DEVELOPMENT_ASSET_PATHS = "\"CodingChallenge/Feed iOS App/Supporting Files/Preview Content\"";
				DEVELOPMENT_TEAM = "";
				ENABLE_PREVIEWS = YES;
				GENERATE_INFOPLIST_FILE = YES;
				INFOPLIST_FILE = CodingChallenge/Info.plist;
				INFOPLIST_KEY_NSLocationWhenInUseUsageDescription = "This application needs you location to search best places around you";
				INFOPLIST_KEY_UIApplicationSceneManifest_Generation = YES;
				INFOPLIST_KEY_UIApplicationSupportsIndirectInputEvents = YES;
				INFOPLIST_KEY_UILaunchScreen_Generation = YES;
				INFOPLIST_KEY_UISupportedInterfaceOrientations_iPad = "UIInterfaceOrientationPortrait UIInterfaceOrientationPortraitUpsideDown UIInterfaceOrientationLandscapeLeft UIInterfaceOrientationLandscapeRight";
				INFOPLIST_KEY_UISupportedInterfaceOrientations_iPhone = "UIInterfaceOrientationPortrait UIInterfaceOrientationLandscapeLeft UIInterfaceOrientationLandscapeRight";
				LD_RUNPATH_SEARCH_PATHS = (
					"$(inherited)",
					"@executable_path/Frameworks",
				);
				MARKETING_VERSION = 1.0;
				PRODUCT_BUNDLE_IDENTIFIER = dev.betty.CodingChallenge;
				PRODUCT_NAME = "$(TARGET_NAME)";
				PROVISIONING_PROFILE_SPECIFIER = "";
				SWIFT_EMIT_LOC_STRINGS = YES;
				SWIFT_VERSION = 5.0;
				TARGETED_DEVICE_FAMILY = 1;
			};
			name = Debug;
		};
		C5796150287B7A9000F55985 /* Release */ = {
			isa = XCBuildConfiguration;
			buildSettings = {
				ASSETCATALOG_COMPILER_APPICON_NAME = AppIcon;
				ASSETCATALOG_COMPILER_GLOBAL_ACCENT_COLOR_NAME = AccentColor;
				CODE_SIGN_IDENTITY = "Apple Development";
				CODE_SIGN_STYLE = Automatic;
				CURRENT_PROJECT_VERSION = 1;
				DEVELOPMENT_ASSET_PATHS = "\"CodingChallenge/Feed iOS App/Supporting Files/Preview Content\"";
				DEVELOPMENT_TEAM = "";
				ENABLE_PREVIEWS = YES;
				GENERATE_INFOPLIST_FILE = YES;
				INFOPLIST_FILE = CodingChallenge/Info.plist;
				INFOPLIST_KEY_NSLocationWhenInUseUsageDescription = "This application needs you location to search best places around you";
				INFOPLIST_KEY_UIApplicationSceneManifest_Generation = YES;
				INFOPLIST_KEY_UIApplicationSupportsIndirectInputEvents = YES;
				INFOPLIST_KEY_UILaunchScreen_Generation = YES;
				INFOPLIST_KEY_UISupportedInterfaceOrientations_iPad = "UIInterfaceOrientationPortrait UIInterfaceOrientationPortraitUpsideDown UIInterfaceOrientationLandscapeLeft UIInterfaceOrientationLandscapeRight";
				INFOPLIST_KEY_UISupportedInterfaceOrientations_iPhone = "UIInterfaceOrientationPortrait UIInterfaceOrientationLandscapeLeft UIInterfaceOrientationLandscapeRight";
				LD_RUNPATH_SEARCH_PATHS = (
					"$(inherited)",
					"@executable_path/Frameworks",
				);
				MARKETING_VERSION = 1.0;
				PRODUCT_BUNDLE_IDENTIFIER = dev.betty.CodingChallenge;
				PRODUCT_NAME = "$(TARGET_NAME)";
				PROVISIONING_PROFILE_SPECIFIER = "";
				SWIFT_EMIT_LOC_STRINGS = YES;
				SWIFT_VERSION = 5.0;
				TARGETED_DEVICE_FAMILY = 1;
			};
			name = Release;
		};
		C5796152287B7A9000F55985 /* Debug */ = {
			isa = XCBuildConfiguration;
			buildSettings = {
				ALWAYS_EMBED_SWIFT_STANDARD_LIBRARIES = YES;
				BUNDLE_LOADER = "$(TEST_HOST)";
				CODE_SIGN_STYLE = Automatic;
				CURRENT_PROJECT_VERSION = 1;
				DEVELOPMENT_TEAM = GU25HGUJLC;
				GENERATE_INFOPLIST_FILE = YES;
				IPHONEOS_DEPLOYMENT_TARGET = 15.5;
				MARKETING_VERSION = 1.0;
				PRODUCT_BUNDLE_IDENTIFIER = dev.betty.CodingChallengeTests;
				PRODUCT_NAME = "$(TARGET_NAME)";
				SWIFT_EMIT_LOC_STRINGS = NO;
				SWIFT_VERSION = 5.0;
				TARGETED_DEVICE_FAMILY = "1,2";
				TEST_HOST = "$(BUILT_PRODUCTS_DIR)/CodingChallenge.app/CodingChallenge";
			};
			name = Debug;
		};
		C5796153287B7A9000F55985 /* Release */ = {
			isa = XCBuildConfiguration;
			buildSettings = {
				ALWAYS_EMBED_SWIFT_STANDARD_LIBRARIES = YES;
				BUNDLE_LOADER = "$(TEST_HOST)";
				CODE_SIGN_STYLE = Automatic;
				CURRENT_PROJECT_VERSION = 1;
				DEVELOPMENT_TEAM = GU25HGUJLC;
				GENERATE_INFOPLIST_FILE = YES;
				IPHONEOS_DEPLOYMENT_TARGET = 15.5;
				MARKETING_VERSION = 1.0;
				PRODUCT_BUNDLE_IDENTIFIER = dev.betty.CodingChallengeTests;
				PRODUCT_NAME = "$(TARGET_NAME)";
				SWIFT_EMIT_LOC_STRINGS = NO;
				SWIFT_VERSION = 5.0;
				TARGETED_DEVICE_FAMILY = "1,2";
				TEST_HOST = "$(BUILT_PRODUCTS_DIR)/CodingChallenge.app/CodingChallenge";
			};
			name = Release;
		};
		C5796155287B7A9000F55985 /* Debug */ = {
			isa = XCBuildConfiguration;
			buildSettings = {
				ALWAYS_EMBED_SWIFT_STANDARD_LIBRARIES = YES;
				CODE_SIGN_STYLE = Automatic;
				CURRENT_PROJECT_VERSION = 1;
				DEVELOPMENT_TEAM = GU25HGUJLC;
				GENERATE_INFOPLIST_FILE = YES;
				MARKETING_VERSION = 1.0;
				PRODUCT_BUNDLE_IDENTIFIER = dev.betty.CodingChallengeUITests;
				PRODUCT_NAME = "$(TARGET_NAME)";
				SWIFT_EMIT_LOC_STRINGS = NO;
				SWIFT_VERSION = 5.0;
				TARGETED_DEVICE_FAMILY = "1,2";
				TEST_TARGET_NAME = CodingChallenge;
			};
			name = Debug;
		};
		C5796156287B7A9000F55985 /* Release */ = {
			isa = XCBuildConfiguration;
			buildSettings = {
				ALWAYS_EMBED_SWIFT_STANDARD_LIBRARIES = YES;
				CODE_SIGN_STYLE = Automatic;
				CURRENT_PROJECT_VERSION = 1;
				DEVELOPMENT_TEAM = GU25HGUJLC;
				GENERATE_INFOPLIST_FILE = YES;
				MARKETING_VERSION = 1.0;
				PRODUCT_BUNDLE_IDENTIFIER = dev.betty.CodingChallengeUITests;
				PRODUCT_NAME = "$(TARGET_NAME)";
				SWIFT_EMIT_LOC_STRINGS = NO;
				SWIFT_VERSION = 5.0;
				TARGETED_DEVICE_FAMILY = "1,2";
				TEST_TARGET_NAME = CodingChallenge;
			};
			name = Release;
		};
/* End XCBuildConfiguration section */

/* Begin XCConfigurationList section */
		C5796125287B7A8F00F55985 /* Build configuration list for PBXProject "CodingChallenge" */ = {
			isa = XCConfigurationList;
			buildConfigurations = (
				C579614C287B7A9000F55985 /* Debug */,
				C579614D287B7A9000F55985 /* Release */,
			);
			defaultConfigurationIsVisible = 0;
			defaultConfigurationName = Release;
		};
		C579614E287B7A9000F55985 /* Build configuration list for PBXNativeTarget "CodingChallenge" */ = {
			isa = XCConfigurationList;
			buildConfigurations = (
				C579614F287B7A9000F55985 /* Debug */,
				C5796150287B7A9000F55985 /* Release */,
			);
			defaultConfigurationIsVisible = 0;
			defaultConfigurationName = Release;
		};
		C5796151287B7A9000F55985 /* Build configuration list for PBXNativeTarget "CodingChallengeTests" */ = {
			isa = XCConfigurationList;
			buildConfigurations = (
				C5796152287B7A9000F55985 /* Debug */,
				C5796153287B7A9000F55985 /* Release */,
			);
			defaultConfigurationIsVisible = 0;
			defaultConfigurationName = Release;
		};
		C5796154287B7A9000F55985 /* Build configuration list for PBXNativeTarget "CodingChallengeUITests" */ = {
			isa = XCConfigurationList;
			buildConfigurations = (
				C5796155287B7A9000F55985 /* Debug */,
				C5796156287B7A9000F55985 /* Release */,
			);
			defaultConfigurationIsVisible = 0;
			defaultConfigurationName = Release;
		};
/* End XCConfigurationList section */
	};
	rootObject = C5796122287B7A8F00F55985 /* Project object */;
}
